
Microsoft Visual Studio Solution File, Format Version 12.00
# Visual Studio Version 17
VisualStudioVersion = 17.1.32210.238
MinimumVisualStudioVersion = 10.0.40219.1
Project("{FAE04EC0-301F-11D3-BF4B-00C04F79EFBC}") = "EMSModelComparer", "EMSModelComparer\EMSModelComparer.csproj", "{48A066F8-411A-4D0E-B213-B283361B8EAB}"
EndProject
Global
	GlobalSection(SolutionConfigurationPlatforms) = preSolution
		Debug|Any CPU = Debug|Any CPU
		Release|Any CPU = Release|Any CPU
	EndGlobalSection
	GlobalSection(ProjectConfigurationPlatforms) = postSolution
		{48A066F8-411A-4D0E-B213-B283361B8EAB}.Debug|Any CPU.ActiveCfg = Debug|Any CPU
		{48A066F8-411A-4D0E-B213-B283361B8EAB}.Debug|Any CPU.Build.0 = Debug|Any CPU
		{48A066F8-411A-4D0E-B213-B283361B8EAB}.Release|Any CPU.ActiveCfg = Release|Any CPU
		{48A066F8-411A-4D0E-B213-B283361B8EAB}.Release|Any CPU.Build.0 = Release|Any CPU
	EndGlobalSection
	GlobalSection(SolutionProperties) = preSolution
		HideSolutionNode = FALSE
	EndGlobalSection
	GlobalSection(ExtensibilityGlobals) = postSolution
		SolutionGuid = {A4A1B38B-5771-4198-8E96-4BBB58954D15}
	EndGlobalSection
EndGlobal
